// !$*UTF8*$!
{
	archiveVersion = 1;
	classes = {
	};
	objectVersion = 48;
	objects = {

/* Begin PBXBuildFile section */
		17A9DC941FF63F920080A4F7 /* UDKit.framework in Frameworks */ = {isa = PBXBuildFile; fileRef = 17A9DC8A1FF63F920080A4F7 /* UDKit.framework */; };
		17A9DC991FF63F920080A4F7 /* UDKitTests.swift in Sources */ = {isa = PBXBuildFile; fileRef = 17A9DC981FF63F920080A4F7 /* UDKitTests.swift */; };
		17A9DC9B1FF63F920080A4F7 /* UDKit.h in Headers */ = {isa = PBXBuildFile; fileRef = 17A9DC8D1FF63F920080A4F7 /* UDKit.h */; settings = {ATTRIBUTES = (Public, ); }; };
		17A9DCA51FF63FB20080A4F7 /* Defaults.swift in Sources */ = {isa = PBXBuildFile; fileRef = 17A9DCA41FF63FB20080A4F7 /* Defaults.swift */; };
		17A9DCA71FF9D9560080A4F7 /* Cache.swift in Sources */ = {isa = PBXBuildFile; fileRef = 17A9DCA61FF9D9560080A4F7 /* Cache.swift */; };
/* End PBXBuildFile section */

/* Begin PBXContainerItemProxy section */
		17A9DC951FF63F920080A4F7 /* PBXContainerItemProxy */ = {
			isa = PBXContainerItemProxy;
			containerPortal = 17A9DC811FF63F920080A4F7 /* Project object */;
			proxyType = 1;
			remoteGlobalIDString = 17A9DC891FF63F920080A4F7;
			remoteInfo = UDKit;
		};
/* End PBXContainerItemProxy section */

/* Begin PBXFileReference section */
		17A9DC8A1FF63F920080A4F7 /* UDKit.framework */ = {isa = PBXFileReference; explicitFileType = wrapper.framework; includeInIndex = 0; path = UDKit.framework; sourceTree = BUILT_PRODUCTS_DIR; };
		17A9DC8D1FF63F920080A4F7 /* UDKit.h */ = {isa = PBXFileReference; lastKnownFileType = sourcecode.c.h; path = UDKit.h; sourceTree = "<group>"; };
		17A9DC8E1FF63F920080A4F7 /* Info.plist */ = {isa = PBXFileReference; lastKnownFileType = text.plist.xml; path = Info.plist; sourceTree = "<group>"; };
		17A9DC931FF63F920080A4F7 /* UDKitTests.xctest */ = {isa = PBXFileReference; explicitFileType = wrapper.cfbundle; includeInIndex = 0; path = UDKitTests.xctest; sourceTree = BUILT_PRODUCTS_DIR; };
		17A9DC981FF63F920080A4F7 /* UDKitTests.swift */ = {isa = PBXFileReference; lastKnownFileType = sourcecode.swift; path = UDKitTests.swift; sourceTree = "<group>"; };
		17A9DC9A1FF63F920080A4F7 /* Info.plist */ = {isa = PBXFileReference; lastKnownFileType = text.plist.xml; path = Info.plist; sourceTree = "<group>"; };
		17A9DCA41FF63FB20080A4F7 /* Defaults.swift */ = {isa = PBXFileReference; fileEncoding = 4; lastKnownFileType = sourcecode.swift; path = Defaults.swift; sourceTree = "<group>"; };
		17A9DCA61FF9D9560080A4F7 /* Cache.swift */ = {isa = PBXFileReference; lastKnownFileType = sourcecode.swift; path = Cache.swift; sourceTree = "<group>"; };
/* End PBXFileReference section */

/* Begin PBXFrameworksBuildPhase section */
		17A9DC861FF63F920080A4F7 /* Frameworks */ = {
			isa = PBXFrameworksBuildPhase;
			buildActionMask = 2147483647;
			files = (
			);
			runOnlyForDeploymentPostprocessing = 0;
		};
		17A9DC901FF63F920080A4F7 /* Frameworks */ = {
			isa = PBXFrameworksBuildPhase;
			buildActionMask = 2147483647;
			files = (
				17A9DC941FF63F920080A4F7 /* UDKit.framework in Frameworks */,
			);
			runOnlyForDeploymentPostprocessing = 0;
		};
/* End PBXFrameworksBuildPhase section */

/* Begin PBXGroup section */
		17A9DC801FF63F920080A4F7 = {
			isa = PBXGroup;
			children = (
				17A9DCA41FF63FB20080A4F7 /* Defaults.swift */,
				17A9DCA61FF9D9560080A4F7 /* Cache.swift */,
				17A9DC8C1FF63F920080A4F7 /* UDKit */,
				17A9DC971FF63F920080A4F7 /* UDKitTests */,
				17A9DC8B1FF63F920080A4F7 /* Products */,
			);
			sourceTree = "<group>";
		};
		17A9DC8B1FF63F920080A4F7 /* Products */ = {
			isa = PBXGroup;
			children = (
				17A9DC8A1FF63F920080A4F7 /* UDKit.framework */,
				17A9DC931FF63F920080A4F7 /* UDKitTests.xctest */,
			);
			name = Products;
			sourceTree = "<group>";
		};
		17A9DC8C1FF63F920080A4F7 /* UDKit */ = {
			isa = PBXGroup;
			children = (
				17A9DC8D1FF63F920080A4F7 /* UDKit.h */,
				17A9DC8E1FF63F920080A4F7 /* Info.plist */,
			);
			path = UDKit;
			sourceTree = "<group>";
		};
		17A9DC971FF63F920080A4F7 /* UDKitTests */ = {
			isa = PBXGroup;
			children = (
				17A9DC981FF63F920080A4F7 /* UDKitTests.swift */,
				17A9DC9A1FF63F920080A4F7 /* Info.plist */,
			);
			path = UDKitTests;
			sourceTree = "<group>";
		};
/* End PBXGroup section */

/* Begin PBXHeadersBuildPhase section */
		17A9DC871FF63F920080A4F7 /* Headers */ = {
			isa = PBXHeadersBuildPhase;
			buildActionMask = 2147483647;
			files = (
				17A9DC9B1FF63F920080A4F7 /* UDKit.h in Headers */,
			);
			runOnlyForDeploymentPostprocessing = 0;
		};
/* End PBXHeadersBuildPhase section */

/* Begin PBXNativeTarget section */
		17A9DC891FF63F920080A4F7 /* UDKit */ = {
			isa = PBXNativeTarget;
			buildConfigurationList = 17A9DC9E1FF63F920080A4F7 /* Build configuration list for PBXNativeTarget "UDKit" */;
			buildPhases = (
				17A9DC851FF63F920080A4F7 /* Sources */,
				17A9DC861FF63F920080A4F7 /* Frameworks */,
				17A9DC871FF63F920080A4F7 /* Headers */,
				17A9DC881FF63F920080A4F7 /* Resources */,
			);
			buildRules = (
			);
			dependencies = (
			);
			name = UDKit;
			productName = UDKit;
			productReference = 17A9DC8A1FF63F920080A4F7 /* UDKit.framework */;
			productType = "com.apple.product-type.framework";
		};
		17A9DC921FF63F920080A4F7 /* UDKitTests */ = {
			isa = PBXNativeTarget;
			buildConfigurationList = 17A9DCA11FF63F920080A4F7 /* Build configuration list for PBXNativeTarget "UDKitTests" */;
			buildPhases = (
				17A9DC8F1FF63F920080A4F7 /* Sources */,
				17A9DC901FF63F920080A4F7 /* Frameworks */,
				17A9DC911FF63F920080A4F7 /* Resources */,
			);
			buildRules = (
			);
			dependencies = (
				17A9DC961FF63F920080A4F7 /* PBXTargetDependency */,
			);
			name = UDKitTests;
			productName = UDKitTests;
			productReference = 17A9DC931FF63F920080A4F7 /* UDKitTests.xctest */;
			productType = "com.apple.product-type.bundle.unit-test";
		};
/* End PBXNativeTarget section */

/* Begin PBXProject section */
		17A9DC811FF63F920080A4F7 /* Project object */ = {
			isa = PBXProject;
			attributes = {
				LastSwiftUpdateCheck = 0920;
				LastUpgradeCheck = 0920;
				ORGANIZATIONNAME = motokiee;
				TargetAttributes = {
					17A9DC891FF63F920080A4F7 = {
						CreatedOnToolsVersion = 9.2;
						LastSwiftMigration = 0920;
						ProvisioningStyle = Automatic;
					};
					17A9DC921FF63F920080A4F7 = {
						CreatedOnToolsVersion = 9.2;
						ProvisioningStyle = Automatic;
					};
				};
			};
			buildConfigurationList = 17A9DC841FF63F920080A4F7 /* Build configuration list for PBXProject "UDKit" */;
			compatibilityVersion = "Xcode 8.0";
			developmentRegion = en;
			hasScannedForEncodings = 0;
			knownRegions = (
				en,
			);
			mainGroup = 17A9DC801FF63F920080A4F7;
			productRefGroup = 17A9DC8B1FF63F920080A4F7 /* Products */;
			projectDirPath = "";
			projectRoot = "";
			targets = (
				17A9DC891FF63F920080A4F7 /* UDKit */,
				17A9DC921FF63F920080A4F7 /* UDKitTests */,
			);
		};
/* End PBXProject section */

/* Begin PBXResourcesBuildPhase section */
		17A9DC881FF63F920080A4F7 /* Resources */ = {
			isa = PBXResourcesBuildPhase;
			buildActionMask = 2147483647;
			files = (
			);
			runOnlyForDeploymentPostprocessing = 0;
		};
		17A9DC911FF63F920080A4F7 /* Resources */ = {
			isa = PBXResourcesBuildPhase;
			buildActionMask = 2147483647;
			files = (
			);
			runOnlyForDeploymentPostprocessing = 0;
		};
/* End PBXResourcesBuildPhase section */

/* Begin PBXSourcesBuildPhase section */
		17A9DC851FF63F920080A4F7 /* Sources */ = {
			isa = PBXSourcesBuildPhase;
			buildActionMask = 2147483647;
			files = (
				17A9DCA71FF9D9560080A4F7 /* Cache.swift in Sources */,
				17A9DCA51FF63FB20080A4F7 /* Defaults.swift in Sources */,
			);
			runOnlyForDeploymentPostprocessing = 0;
		};
		17A9DC8F1FF63F920080A4F7 /* Sources */ = {
			isa = PBXSourcesBuildPhase;
			buildActionMask = 2147483647;
			files = (
				17A9DC991FF63F920080A4F7 /* UDKitTests.swift in Sources */,
			);
			runOnlyForDeploymentPostprocessing = 0;
		};
/* End PBXSourcesBuildPhase section */

/* Begin PBXTargetDependency section */
		17A9DC961FF63F920080A4F7 /* PBXTargetDependency */ = {
			isa = PBXTargetDependency;
			target = 17A9DC891FF63F920080A4F7 /* UDKit */;
			targetProxy = 17A9DC951FF63F920080A4F7 /* PBXContainerItemProxy */;
		};
/* End PBXTargetDependency section */

/* Begin XCBuildConfiguration section */
		17A9DC9C1FF63F920080A4F7 /* Debug */ = {
			isa = XCBuildConfiguration;
			buildSettings = {
				ALWAYS_SEARCH_USER_PATHS = NO;
				CLANG_ANALYZER_NONNULL = YES;
				CLANG_ANALYZER_NUMBER_OBJECT_CONVERSION = YES_AGGRESSIVE;
				CLANG_CXX_LANGUAGE_STANDARD = "gnu++14";
				CLANG_CXX_LIBRARY = "libc++";
				CLANG_ENABLE_MODULES = YES;
				CLANG_ENABLE_OBJC_ARC = YES;
				CLANG_WARN_BLOCK_CAPTURE_AUTORELEASING = YES;
				CLANG_WARN_BOOL_CONVERSION = YES;
				CLANG_WARN_COMMA = YES;
				CLANG_WARN_CONSTANT_CONVERSION = YES;
				CLANG_WARN_DIRECT_OBJC_ISA_USAGE = YES_ERROR;
				CLANG_WARN_DOCUMENTATION_COMMENTS = YES;
				CLANG_WARN_EMPTY_BODY = YES;
				CLANG_WARN_ENUM_CONVERSION = YES;
				CLANG_WARN_INFINITE_RECURSION = YES;
				CLANG_WARN_INT_CONVERSION = YES;
				CLANG_WARN_NON_LITERAL_NULL_CONVERSION = YES;
				CLANG_WARN_OBJC_LITERAL_CONVERSION = YES;
				CLANG_WARN_OBJC_ROOT_CLASS = YES_ERROR;
				CLANG_WARN_RANGE_LOOP_ANALYSIS = YES;
				CLANG_WARN_STRICT_PROTOTYPES = YES;
				CLANG_WARN_SUSPICIOUS_MOVE = YES;
				CLANG_WARN_UNGUARDED_AVAILABILITY = YES_AGGRESSIVE;
				CLANG_WARN_UNREACHABLE_CODE = YES;
				CLANG_WARN__DUPLICATE_METHOD_MATCH = YES;
				CODE_SIGN_IDENTITY = "iPhone Developer";
				COPY_PHASE_STRIP = NO;
				CURRENT_PROJECT_VERSION = 1;
				DEBUG_INFORMATION_FORMAT = dwarf;
				ENABLE_STRICT_OBJC_MSGSEND = YES;
				ENABLE_TESTABILITY = YES;
				GCC_C_LANGUAGE_STANDARD = gnu11;
				GCC_DYNAMIC_NO_PIC = NO;
				GCC_NO_COMMON_BLOCKS = YES;
				GCC_OPTIMIZATION_LEVEL = 0;
				GCC_PREPROCESSOR_DEFINITIONS = (
					"DEBUG=1",
					"$(inherited)",
				);
				GCC_WARN_64_TO_32_BIT_CONVERSION = YES;
				GCC_WARN_ABOUT_RETURN_TYPE = YES_ERROR;
				GCC_WARN_UNDECLARED_SELECTOR = YES;
				GCC_WARN_UNINITIALIZED_AUTOS = YES_AGGRESSIVE;
				GCC_WARN_UNUSED_FUNCTION = YES;
				GCC_WARN_UNUSED_VARIABLE = YES;
				IPHONEOS_DEPLOYMENT_TARGET = 11.2;
				MTL_ENABLE_DEBUG_INFO = YES;
				ONLY_ACTIVE_ARCH = YES;
				SDKROOT = iphoneos;
				SWIFT_ACTIVE_COMPILATION_CONDITIONS = DEBUG;
				SWIFT_OPTIMIZATION_LEVEL = "-Onone";
				VERSIONING_SYSTEM = "apple-generic";
				VERSION_INFO_PREFIX = "";
			};
			name = Debug;
		};
		17A9DC9D1FF63F920080A4F7 /* Release */ = {
			isa = XCBuildConfiguration;
			buildSettings = {
				ALWAYS_SEARCH_USER_PATHS = NO;
				CLANG_ANALYZER_NONNULL = YES;
				CLANG_ANALYZER_NUMBER_OBJECT_CONVERSION = YES_AGGRESSIVE;
				CLANG_CXX_LANGUAGE_STANDARD = "gnu++14";
				CLANG_CXX_LIBRARY = "libc++";
				CLANG_ENABLE_MODULES = YES;
				CLANG_ENABLE_OBJC_ARC = YES;
				CLANG_WARN_BLOCK_CAPTURE_AUTORELEASING = YES;
				CLANG_WARN_BOOL_CONVERSION = YES;
				CLANG_WARN_COMMA = YES;
				CLANG_WARN_CONSTANT_CONVERSION = YES;
				CLANG_WARN_DIRECT_OBJC_ISA_USAGE = YES_ERROR;
				CLANG_WARN_DOCUMENTATION_COMMENTS = YES;
				CLANG_WARN_EMPTY_BODY = YES;
				CLANG_WARN_ENUM_CONVERSION = YES;
				CLANG_WARN_INFINITE_RECURSION = YES;
				CLANG_WARN_INT_CONVERSION = YES;
				CLANG_WARN_NON_LITERAL_NULL_CONVERSION = YES;
				CLANG_WARN_OBJC_LITERAL_CONVERSION = YES;
				CLANG_WARN_OBJC_ROOT_CLASS = YES_ERROR;
				CLANG_WARN_RANGE_LOOP_ANALYSIS = YES;
				CLANG_WARN_STRICT_PROTOTYPES = YES;
				CLANG_WARN_SUSPICIOUS_MOVE = YES;
				CLANG_WARN_UNGUARDED_AVAILABILITY = YES_AGGRESSIVE;
				CLANG_WARN_UNREACHABLE_CODE = YES;
				CLANG_WARN__DUPLICATE_METHOD_MATCH = YES;
				CODE_SIGN_IDENTITY = "iPhone Developer";
				COPY_PHASE_STRIP = NO;
				CURRENT_PROJECT_VERSION = 1;
				DEBUG_INFORMATION_FORMAT = "dwarf-with-dsym";
				ENABLE_NS_ASSERTIONS = NO;
				ENABLE_STRICT_OBJC_MSGSEND = YES;
				GCC_C_LANGUAGE_STANDARD = gnu11;
				GCC_NO_COMMON_BLOCKS = YES;
				GCC_WARN_64_TO_32_BIT_CONVERSION = YES;
				GCC_WARN_ABOUT_RETURN_TYPE = YES_ERROR;
				GCC_WARN_UNDECLARED_SELECTOR = YES;
				GCC_WARN_UNINITIALIZED_AUTOS = YES_AGGRESSIVE;
				GCC_WARN_UNUSED_FUNCTION = YES;
				GCC_WARN_UNUSED_VARIABLE = YES;
				IPHONEOS_DEPLOYMENT_TARGET = 11.2;
				MTL_ENABLE_DEBUG_INFO = NO;
				SDKROOT = iphoneos;
				SWIFT_OPTIMIZATION_LEVEL = "-Owholemodule";
				VALIDATE_PRODUCT = YES;
				VERSIONING_SYSTEM = "apple-generic";
				VERSION_INFO_PREFIX = "";
			};
			name = Release;
		};
		17A9DC9F1FF63F920080A4F7 /* Debug */ = {
			isa = XCBuildConfiguration;
			buildSettings = {
				CLANG_ENABLE_MODULES = YES;
				CODE_SIGN_IDENTITY = "";
				CODE_SIGN_STYLE = Automatic;
				DEFINES_MODULE = YES;
				DYLIB_COMPATIBILITY_VERSION = 1;
				DYLIB_CURRENT_VERSION = 1;
				DYLIB_INSTALL_NAME_BASE = "@rpath";
				INFOPLIST_FILE = UDKit/Info.plist;
				INSTALL_PATH = "$(LOCAL_LIBRARY_DIR)/Frameworks";
				LD_RUNPATH_SEARCH_PATHS = "$(inherited) @executable_path/Frameworks @loader_path/Frameworks";
				PRODUCT_BUNDLE_IDENTIFIER = wearable44.com.UDKit;
				PRODUCT_NAME = "$(TARGET_NAME:c99extidentifier)";
				SKIP_INSTALL = YES;
				SWIFT_OPTIMIZATION_LEVEL = "-Onone";
				SWIFT_VERSION = 4.0;
				TARGETED_DEVICE_FAMILY = "1,2";
			};
			name = Debug;
		};
		17A9DCA01FF63F920080A4F7 /* Release */ = {
			isa = XCBuildConfiguration;
			buildSettings = {
				CLANG_ENABLE_MODULES = YES;
				CODE_SIGN_IDENTITY = "";
				CODE_SIGN_STYLE = Automatic;
				DEFINES_MODULE = YES;
				DYLIB_COMPATIBILITY_VERSION = 1;
				DYLIB_CURRENT_VERSION = 1;
				DYLIB_INSTALL_NAME_BASE = "@rpath";
				INFOPLIST_FILE = UDKit/Info.plist;
				INSTALL_PATH = "$(LOCAL_LIBRARY_DIR)/Frameworks";
				LD_RUNPATH_SEARCH_PATHS = "$(inherited) @executable_path/Frameworks @loader_path/Frameworks";
				PRODUCT_BUNDLE_IDENTIFIER = wearable44.com.UDKit;
				PRODUCT_NAME = "$(TARGET_NAME:c99extidentifier)";
				SKIP_INSTALL = YES;
				SWIFT_VERSION = 4.0;
				TARGETED_DEVICE_FAMILY = "1,2";
			};
			name = Release;
		};
		17A9DCA21FF63F920080A4F7 /* Debug */ = {
			isa = XCBuildConfiguration;
			buildSettings = {
				ALWAYS_EMBED_SWIFT_STANDARD_LIBRARIES = YES;
				CODE_SIGN_STYLE = Automatic;
				INFOPLIST_FILE = UDKitTests/Info.plist;
				LD_RUNPATH_SEARCH_PATHS = "$(inherited) @executable_path/Frameworks @loader_path/Frameworks";
				PRODUCT_BUNDLE_IDENTIFIER = wearable44.com.UDKitTests;
				PRODUCT_NAME = "$(TARGET_NAME)";
				SWIFT_VERSION = 4.0;
				TARGETED_DEVICE_FAMILY = "1,2";
			};
			name = Debug;
		};
		17A9DCA31FF63F920080A4F7 /* Release */ = {
			isa = XCBuildConfiguration;
			buildSettings = {
				ALWAYS_EMBED_SWIFT_STANDARD_LIBRARIES = YES;
				CODE_SIGN_STYLE = Automatic;
				INFOPLIST_FILE = UDKitTests/Info.plist;
				LD_RUNPATH_SEARCH_PATHS = "$(inherited) @executable_path/Frameworks @loader_path/Frameworks";
				PRODUCT_BUNDLE_IDENTIFIER = wearable44.com.UDKitTests;
				PRODUCT_NAME = "$(TARGET_NAME)";
				SWIFT_VERSION = 4.0;
				TARGETED_DEVICE_FAMILY = "1,2";
			};
			name = Release;
		};
/* End XCBuildConfiguration section */

/* Begin XCConfigurationList section */
		17A9DC841FF63F920080A4F7 /* Build configuration list for PBXProject "UDKit" */ = {
			isa = XCConfigurationList;
			buildConfigurations = (
				17A9DC9C1FF63F920080A4F7 /* Debug */,
				17A9DC9D1FF63F920080A4F7 /* Release */,
			);
			defaultConfigurationIsVisible = 0;
			defaultConfigurationName = Release;
		};
		17A9DC9E1FF63F920080A4F7 /* Build configuration list for PBXNativeTarget "UDKit" */ = {
			isa = XCConfigurationList;
			buildConfigurations = (
				17A9DC9F1FF63F920080A4F7 /* Debug */,
				17A9DCA01FF63F920080A4F7 /* Release */,
			);
			defaultConfigurationIsVisible = 0;
			defaultConfigurationName = Release;
		};
		17A9DCA11FF63F920080A4F7 /* Build configuration list for PBXNativeTarget "UDKitTests" */ = {
			isa = XCConfigurationList;
			buildConfigurations = (
				17A9DCA21FF63F920080A4F7 /* Debug */,
				17A9DCA31FF63F920080A4F7 /* Release */,
			);
			defaultConfigurationIsVisible = 0;
			defaultConfigurationName = Release;
		};
/* End XCConfigurationList section */
	};
	rootObject = 17A9DC811FF63F920080A4F7 /* Project object */;
}
